
Microsoft Visual Studio Solution File, Format Version 12.00
# Visual Studio 14
VisualStudioVersion = 14.0.25420.1
MinimumVisualStudioVersion = 10.0.40219.1
Project("{FAE04EC0-301F-11D3-BF4B-00C04F79EFBC}") = "HelpYou.Net.CN", "Mvc.Project\helpyou.net.cn\HelpYou.Net.CN.csproj", "{E1303E31-13FE-4585-AFF1-ED381828E010}"
EndProject
Project("{2150E333-8FDC-42A3-9474-1A3956D46DE8}") = "Mvc.Project", "Mvc.Project", "{9D1AC88B-7793-406C-8A2F-0BD67462A491}"
EndProject
Project("{2150E333-8FDC-42A3-9474-1A3956D46DE8}") = "Cache.Redis", "Cache.Redis", "{96905E4C-3669-416C-ACFC-95419DC21EE4}"
EndProject
Project("{2150E333-8FDC-42A3-9474-1A3956D46DE8}") = "Framework.Dapper", "Framework.Dapper", "{1448A10C-9411-43D8-B0A4-0343042E9A06}"
EndProject
Project("{2150E333-8FDC-42A3-9474-1A3956D46DE8}") = "Framework.SqlSuger", "Framework.SqlSuger", "{CF8438AE-4D51-4CF4-AEBD-997A01C2925B}"
EndProject
Project("{2150E333-8FDC-42A3-9474-1A3956D46DE8}") = "Module.Common", "Module.Common", "{7FAA5FAB-E5FF-4310-B140-916AE5268528}"
EndProject
Project("{FAE04EC0-301F-11D3-BF4B-00C04F79EFBC}") = "Cache.Redis", "Cache.Redis\Cache.Redis.csproj", "{A674FB4B-593F-4569-9A7D-C06DFBABE56D}"
EndProject
Project("{FAE04EC0-301F-11D3-BF4B-00C04F79EFBC}") = "Framework.Dapper", "Framework.Dapper\Framework.Dapper.csproj", "{1F682B84-D58A-4A70-ACF6-DD33835B21B7}"
EndProject
Project("{FAE04EC0-301F-11D3-BF4B-00C04F79EFBC}") = "Helper.Common", "Module.Common\Helper.Common.csproj", "{A3F3DB50-F531-4919-A58E-633A4D515492}"
EndProject
Project("{2150E333-8FDC-42A3-9474-1A3956D46DE8}") = "Asp.Net", "Asp.Net", "{CD83C7C7-2068-4C43-9FEF-FA74831FE6A6}"
EndProject
Project("{2150E333-8FDC-42A3-9474-1A3956D46DE8}") = "Asp.NetCore", "Asp.NetCore", "{85A05099-3222-49DC-A65A-C96190EA95D7}"
EndProject
Project("{FAE04EC0-301F-11D3-BF4B-00C04F79EFBC}") = "MySqlTest", "Framework.SqlSuger\Asp.Net\MySqlTest\MySqlTest.csproj", "{B72FC095-9AFA-4375-AF14-402339BAF1DF}"
EndProject
Project("{FAE04EC0-301F-11D3-BF4B-00C04F79EFBC}") = "SqliteTest", "Framework.SqlSuger\Asp.Net\SqliteTest\SqliteTest.csproj", "{D48622B3-F4CD-45CD-B1C9-868083037ECD}"
EndProject
Project("{FAE04EC0-301F-11D3-BF4B-00C04F79EFBC}") = "SqlServerTest", "Framework.SqlSuger\Asp.Net\SqlServerTest\SqlServerTest.csproj", "{CB591654-0476-40AA-8508-784CF32BE239}"
EndProject
Project("{FAE04EC0-301F-11D3-BF4B-00C04F79EFBC}") = "SqlSugar", "Framework.SqlSuger\Asp.Net\SqlSugar\SqlSugar.csproj", "{489BB790-226C-4FAD-8D1E-51D72A7FF8E5}"
EndProject
Project("{9A19103F-16F7-4668-BE54-9A1E7A4F7556}") = "MySqlTest", "Framework.SqlSuger\Asp.NetCore\MySqlTest\MySqlTest.csproj", "{C2A45E83-59A0-4ED4-84FC-D959BE6BCC66}"
EndProject
Project("{9A19103F-16F7-4668-BE54-9A1E7A4F7556}") = "SqliteTest", "Framework.SqlSuger\Asp.NetCore\SqliteTest\SqliteTest.csproj", "{40F94FE2-AB43-4D1B-AE38-94DE78A3B7C3}"
EndProject
Project("{9A19103F-16F7-4668-BE54-9A1E7A4F7556}") = "SqlServerTest", "Framework.SqlSuger\Asp.NetCore\SqlServerTest\SqlServerTest.csproj", "{C9768FE5-8C69-4E8A-8458-C9761A1D1139}"
EndProject
Project("{9A19103F-16F7-4668-BE54-9A1E7A4F7556}") = "SqlSugar", "Framework.SqlSuger\Asp.NetCore\SqlSugar\SqlSugar.csproj", "{ADFBE756-C4CE-4950-B699-561C396B4D50}"
EndProject
Project("{FAE04EC0-301F-11D3-BF4B-00C04F79EFBC}") = "HelpYou.Manage.COM", "Mvc.Project\helpyou.manage.com\HelpYou.Manage.COM.csproj", "{F8730EFA-7468-4CBF-9A41-BDA9920302BA}"
EndProject
Project("{FAE04EC0-301F-11D3-BF4B-00C04F79EFBC}") = "HelpYou.Component.Interface", "Mvc.Project\HelpYou.Component.Interface\HelpYou.Component.Interface.csproj", "{C988F7A6-891F-46A3-A52E-6169887BDE8D}"
EndProject
Project("{FAE04EC0-301F-11D3-BF4B-00C04F79EFBC}") = "HelpYou.Component.Service", "Mvc.Project\HelpYou.Component.Service\HelpYou.Component.Service.csproj", "{D971F5FF-1F68-43C4-85A3-5320D0452C09}"
EndProject
Project("{FAE04EC0-301F-11D3-BF4B-00C04F79EFBC}") = "HelpYou.Component.Controllers", "Mvc.Project\HelpYou.Component.Controllers\HelpYou.Component.Controllers.csproj", "{39552396-529B-484D-8AC1-73A0C47261D1}"
EndProject
Project("{2150E333-8FDC-42A3-9474-1A3956D46DE8}") = "UnitTest", "UnitTest", "{B6FDD508-8A7B-4A79-ACF4-C58D942A7F69}"
EndProject
Project("{FAE04EC0-301F-11D3-BF4B-00C04F79EFBC}") = "UnitTestProject1", "UnitTest\UnitTestProject1\UnitTestProject1.csproj", "{15FD2F79-1858-42B7-8D86-452067F24BD7}"
EndProject
Project("{FAE04EC0-301F-11D3-BF4B-00C04F79EFBC}") = "UnitTestConsole", "UnitTest\TestConsole\UnitTestConsole.csproj", "{30DB004A-A40D-470F-B9F9-D15A8B23C1B9}"
EndProject
Project("{FAE04EC0-301F-11D3-BF4B-00C04F79EFBC}") = "UnitTest.MvcPager", "UnitTest\UnitTest.MvcPager\UnitTest.MvcPager.csproj", "{8E07A19D-62C1-4C0C-9E48-FDC8196FA5FC}"
EndProject
Project("{2150E333-8FDC-42A3-9474-1A3956D46DE8}") = "Vue.Web", "Vue.Web", "{995F9038-C46A-4121-8C01-9F21687DAC2C}"
EndProject
Project("{FAE04EC0-301F-11D3-BF4B-00C04F79EFBC}") = "Vue.Controllers", "Mvc.Project\Vue.Web\Vue.Controllers\Vue.Controllers.csproj", "{39EDDE93-CB7C-4AFC-9CAA-584539D9003D}"
EndProject
Project("{FAE04EC0-301F-11D3-BF4B-00C04F79EFBC}") = "Vue.Models", "Mvc.Project\Vue.Web\Vue.Models\Vue.Models.csproj", "{040D073C-548C-425B-AA30-AFFE523F2793}"
EndProject
Project("{FAE04EC0-301F-11D3-BF4B-00C04F79EFBC}") = "Vue.Interfaces", "Mvc.Project\Vue.Web\Vue.Interfaces\Vue.Interfaces.csproj", "{2C4F87DE-F94F-46A4-A338-CD9814CC562C}"
EndProject
Project("{FAE04EC0-301F-11D3-BF4B-00C04F79EFBC}") = "Vue.Service", "Mvc.Project\Vue.Web\Vue.Service\Vue.Service.csproj", "{B941FE63-27F9-4D85-9C44-EEA17DDD9329}"
EndProject
Project("{FAE04EC0-301F-11D3-BF4B-00C04F79EFBC}") = "Vue.UI", "Mvc.Project\Vue.Web\Vue.UI\Vue.UI.csproj", "{45355933-169B-4D0B-8F56-5BE3930D4864}"
EndProject
Global
	GlobalSection(SolutionConfigurationPlatforms) = preSolution
		Debug|Any CPU = Debug|Any CPU
		Release|Any CPU = Release|Any CPU
	EndGlobalSection
	GlobalSection(ProjectConfigurationPlatforms) = postSolution
		{E1303E31-13FE-4585-AFF1-ED381828E010}.Debug|Any CPU.ActiveCfg = Debug|Any CPU
		{E1303E31-13FE-4585-AFF1-ED381828E010}.Debug|Any CPU.Build.0 = Debug|Any CPU
		{E1303E31-13FE-4585-AFF1-ED381828E010}.Release|Any CPU.ActiveCfg = Release|Any CPU
		{E1303E31-13FE-4585-AFF1-ED381828E010}.Release|Any CPU.Build.0 = Release|Any CPU
		{A674FB4B-593F-4569-9A7D-C06DFBABE56D}.Debug|Any CPU.ActiveCfg = Debug|Any CPU
		{A674FB4B-593F-4569-9A7D-C06DFBABE56D}.Debug|Any CPU.Build.0 = Debug|Any CPU
		{A674FB4B-593F-4569-9A7D-C06DFBABE56D}.Release|Any CPU.ActiveCfg = Release|Any CPU
		{A674FB4B-593F-4569-9A7D-C06DFBABE56D}.Release|Any CPU.Build.0 = Release|Any CPU
		{1F682B84-D58A-4A70-ACF6-DD33835B21B7}.Debug|Any CPU.ActiveCfg = Debug|Any CPU
		{1F682B84-D58A-4A70-ACF6-DD33835B21B7}.Debug|Any CPU.Build.0 = Debug|Any CPU
		{1F682B84-D58A-4A70-ACF6-DD33835B21B7}.Release|Any CPU.ActiveCfg = Release|Any CPU
		{1F682B84-D58A-4A70-ACF6-DD33835B21B7}.Release|Any CPU.Build.0 = Release|Any CPU
		{A3F3DB50-F531-4919-A58E-633A4D515492}.Debug|Any CPU.ActiveCfg = Debug|Any CPU
		{A3F3DB50-F531-4919-A58E-633A4D515492}.Debug|Any CPU.Build.0 = Debug|Any CPU
		{A3F3DB50-F531-4919-A58E-633A4D515492}.Release|Any CPU.ActiveCfg = Release|Any CPU
		{A3F3DB50-F531-4919-A58E-633A4D515492}.Release|Any CPU.Build.0 = Release|Any CPU
		{B72FC095-9AFA-4375-AF14-402339BAF1DF}.Debug|Any CPU.ActiveCfg = Debug|Any CPU
		{B72FC095-9AFA-4375-AF14-402339BAF1DF}.Debug|Any CPU.Build.0 = Debug|Any CPU
		{B72FC095-9AFA-4375-AF14-402339BAF1DF}.Release|Any CPU.ActiveCfg = Release|Any CPU
		{B72FC095-9AFA-4375-AF14-402339BAF1DF}.Release|Any CPU.Build.0 = Release|Any CPU
		{D48622B3-F4CD-45CD-B1C9-868083037ECD}.Debug|Any CPU.ActiveCfg = Debug|Any CPU
		{D48622B3-F4CD-45CD-B1C9-868083037ECD}.Debug|Any CPU.Build.0 = Debug|Any CPU
		{D48622B3-F4CD-45CD-B1C9-868083037ECD}.Release|Any CPU.ActiveCfg = Release|Any CPU
		{D48622B3-F4CD-45CD-B1C9-868083037ECD}.Release|Any CPU.Build.0 = Release|Any CPU
		{CB591654-0476-40AA-8508-784CF32BE239}.Debug|Any CPU.ActiveCfg = Debug|Any CPU
		{CB591654-0476-40AA-8508-784CF32BE239}.Debug|Any CPU.Build.0 = Debug|Any CPU
		{CB591654-0476-40AA-8508-784CF32BE239}.Release|Any CPU.ActiveCfg = Release|Any CPU
		{CB591654-0476-40AA-8508-784CF32BE239}.Release|Any CPU.Build.0 = Release|Any CPU
		{489BB790-226C-4FAD-8D1E-51D72A7FF8E5}.Debug|Any CPU.ActiveCfg = Debug|Any CPU
		{489BB790-226C-4FAD-8D1E-51D72A7FF8E5}.Debug|Any CPU.Build.0 = Debug|Any CPU
		{489BB790-226C-4FAD-8D1E-51D72A7FF8E5}.Release|Any CPU.ActiveCfg = Release|Any CPU
		{489BB790-226C-4FAD-8D1E-51D72A7FF8E5}.Release|Any CPU.Build.0 = Release|Any CPU
		{C2A45E83-59A0-4ED4-84FC-D959BE6BCC66}.Debug|Any CPU.ActiveCfg = Debug|Any CPU
		{C2A45E83-59A0-4ED4-84FC-D959BE6BCC66}.Debug|Any CPU.Build.0 = Debug|Any CPU
		{C2A45E83-59A0-4ED4-84FC-D959BE6BCC66}.Release|Any CPU.ActiveCfg = Release|Any CPU
		{C2A45E83-59A0-4ED4-84FC-D959BE6BCC66}.Release|Any CPU.Build.0 = Release|Any CPU
		{40F94FE2-AB43-4D1B-AE38-94DE78A3B7C3}.Debug|Any CPU.ActiveCfg = Debug|Any CPU
		{40F94FE2-AB43-4D1B-AE38-94DE78A3B7C3}.Debug|Any CPU.Build.0 = Debug|Any CPU
		{40F94FE2-AB43-4D1B-AE38-94DE78A3B7C3}.Release|Any CPU.ActiveCfg = Release|Any CPU
		{40F94FE2-AB43-4D1B-AE38-94DE78A3B7C3}.Release|Any CPU.Build.0 = Release|Any CPU
		{C9768FE5-8C69-4E8A-8458-C9761A1D1139}.Debug|Any CPU.ActiveCfg = Debug|Any CPU
		{C9768FE5-8C69-4E8A-8458-C9761A1D1139}.Debug|Any CPU.Build.0 = Debug|Any CPU
		{C9768FE5-8C69-4E8A-8458-C9761A1D1139}.Release|Any CPU.ActiveCfg = Release|Any CPU
		{C9768FE5-8C69-4E8A-8458-C9761A1D1139}.Release|Any CPU.Build.0 = Release|Any CPU
		{ADFBE756-C4CE-4950-B699-561C396B4D50}.Debug|Any CPU.ActiveCfg = Debug|Any CPU
		{ADFBE756-C4CE-4950-B699-561C396B4D50}.Debug|Any CPU.Build.0 = Debug|Any CPU
		{ADFBE756-C4CE-4950-B699-561C396B4D50}.Release|Any CPU.ActiveCfg = Release|Any CPU
		{ADFBE756-C4CE-4950-B699-561C396B4D50}.Release|Any CPU.Build.0 = Release|Any CPU
		{F8730EFA-7468-4CBF-9A41-BDA9920302BA}.Debug|Any CPU.ActiveCfg = Debug|Any CPU
		{F8730EFA-7468-4CBF-9A41-BDA9920302BA}.Debug|Any CPU.Build.0 = Debug|Any CPU
		{F8730EFA-7468-4CBF-9A41-BDA9920302BA}.Release|Any CPU.ActiveCfg = Release|Any CPU
		{F8730EFA-7468-4CBF-9A41-BDA9920302BA}.Release|Any CPU.Build.0 = Release|Any CPU
		{C988F7A6-891F-46A3-A52E-6169887BDE8D}.Debug|Any CPU.ActiveCfg = Debug|Any CPU
		{C988F7A6-891F-46A3-A52E-6169887BDE8D}.Debug|Any CPU.Build.0 = Debug|Any CPU
		{C988F7A6-891F-46A3-A52E-6169887BDE8D}.Release|Any CPU.ActiveCfg = Release|Any CPU
		{C988F7A6-891F-46A3-A52E-6169887BDE8D}.Release|Any CPU.Build.0 = Release|Any CPU
		{D971F5FF-1F68-43C4-85A3-5320D0452C09}.Debug|Any CPU.ActiveCfg = Debug|Any CPU
		{D971F5FF-1F68-43C4-85A3-5320D0452C09}.Debug|Any CPU.Build.0 = Debug|Any CPU
		{D971F5FF-1F68-43C4-85A3-5320D0452C09}.Release|Any CPU.ActiveCfg = Release|Any CPU
		{D971F5FF-1F68-43C4-85A3-5320D0452C09}.Release|Any CPU.Build.0 = Release|Any CPU
		{39552396-529B-484D-8AC1-73A0C47261D1}.Debug|Any CPU.ActiveCfg = Debug|Any CPU
		{39552396-529B-484D-8AC1-73A0C47261D1}.Debug|Any CPU.Build.0 = Debug|Any CPU
		{39552396-529B-484D-8AC1-73A0C47261D1}.Release|Any CPU.ActiveCfg = Release|Any CPU
		{39552396-529B-484D-8AC1-73A0C47261D1}.Release|Any CPU.Build.0 = Release|Any CPU
		{15FD2F79-1858-42B7-8D86-452067F24BD7}.Debug|Any CPU.ActiveCfg = Debug|Any CPU
		{15FD2F79-1858-42B7-8D86-452067F24BD7}.Debug|Any CPU.Build.0 = Debug|Any CPU
		{15FD2F79-1858-42B7-8D86-452067F24BD7}.Release|Any CPU.ActiveCfg = Release|Any CPU
		{15FD2F79-1858-42B7-8D86-452067F24BD7}.Release|Any CPU.Build.0 = Release|Any CPU
		{30DB004A-A40D-470F-B9F9-D15A8B23C1B9}.Debug|Any CPU.ActiveCfg = Debug|Any CPU
		{30DB004A-A40D-470F-B9F9-D15A8B23C1B9}.Debug|Any CPU.Build.0 = Debug|Any CPU
		{30DB004A-A40D-470F-B9F9-D15A8B23C1B9}.Release|Any CPU.ActiveCfg = Release|Any CPU
		{30DB004A-A40D-470F-B9F9-D15A8B23C1B9}.Release|Any CPU.Build.0 = Release|Any CPU
		{8E07A19D-62C1-4C0C-9E48-FDC8196FA5FC}.Debug|Any CPU.ActiveCfg = Debug|Any CPU
		{8E07A19D-62C1-4C0C-9E48-FDC8196FA5FC}.Debug|Any CPU.Build.0 = Debug|Any CPU
		{8E07A19D-62C1-4C0C-9E48-FDC8196FA5FC}.Release|Any CPU.ActiveCfg = Release|Any CPU
		{8E07A19D-62C1-4C0C-9E48-FDC8196FA5FC}.Release|Any CPU.Build.0 = Release|Any CPU
		{39EDDE93-CB7C-4AFC-9CAA-584539D9003D}.Debug|Any CPU.ActiveCfg = Debug|Any CPU
		{39EDDE93-CB7C-4AFC-9CAA-584539D9003D}.Debug|Any CPU.Build.0 = Debug|Any CPU
		{39EDDE93-CB7C-4AFC-9CAA-584539D9003D}.Release|Any CPU.ActiveCfg = Release|Any CPU
		{39EDDE93-CB7C-4AFC-9CAA-584539D9003D}.Release|Any CPU.Build.0 = Release|Any CPU
		{040D073C-548C-425B-AA30-AFFE523F2793}.Debug|Any CPU.ActiveCfg = Debug|Any CPU
		{040D073C-548C-425B-AA30-AFFE523F2793}.Debug|Any CPU.Build.0 = Debug|Any CPU
		{040D073C-548C-425B-AA30-AFFE523F2793}.Release|Any CPU.ActiveCfg = Release|Any CPU
		{040D073C-548C-425B-AA30-AFFE523F2793}.Release|Any CPU.Build.0 = Release|Any CPU
		{2C4F87DE-F94F-46A4-A338-CD9814CC562C}.Debug|Any CPU.ActiveCfg = Debug|Any CPU
		{2C4F87DE-F94F-46A4-A338-CD9814CC562C}.Debug|Any CPU.Build.0 = Debug|Any CPU
		{2C4F87DE-F94F-46A4-A338-CD9814CC562C}.Release|Any CPU.ActiveCfg = Release|Any CPU
		{2C4F87DE-F94F-46A4-A338-CD9814CC562C}.Release|Any CPU.Build.0 = Release|Any CPU
		{B941FE63-27F9-4D85-9C44-EEA17DDD9329}.Debug|Any CPU.ActiveCfg = Debug|Any CPU
		{B941FE63-27F9-4D85-9C44-EEA17DDD9329}.Debug|Any CPU.Build.0 = Debug|Any CPU
		{B941FE63-27F9-4D85-9C44-EEA17DDD9329}.Release|Any CPU.ActiveCfg = Release|Any CPU
		{B941FE63-27F9-4D85-9C44-EEA17DDD9329}.Release|Any CPU.Build.0 = Release|Any CPU
		{45355933-169B-4D0B-8F56-5BE3930D4864}.Debug|Any CPU.ActiveCfg = Debug|Any CPU
		{45355933-169B-4D0B-8F56-5BE3930D4864}.Debug|Any CPU.Build.0 = Debug|Any CPU
		{45355933-169B-4D0B-8F56-5BE3930D4864}.Release|Any CPU.ActiveCfg = Release|Any CPU
		{45355933-169B-4D0B-8F56-5BE3930D4864}.Release|Any CPU.Build.0 = Release|Any CPU
	EndGlobalSection
	GlobalSection(SolutionProperties) = preSolution
		HideSolutionNode = FALSE
	EndGlobalSection
	GlobalSection(NestedProjects) = preSolution
		{E1303E31-13FE-4585-AFF1-ED381828E010} = {9D1AC88B-7793-406C-8A2F-0BD67462A491}
		{A674FB4B-593F-4569-9A7D-C06DFBABE56D} = {96905E4C-3669-416C-ACFC-95419DC21EE4}
		{1F682B84-D58A-4A70-ACF6-DD33835B21B7} = {1448A10C-9411-43D8-B0A4-0343042E9A06}
		{A3F3DB50-F531-4919-A58E-633A4D515492} = {7FAA5FAB-E5FF-4310-B140-916AE5268528}
		{CD83C7C7-2068-4C43-9FEF-FA74831FE6A6} = {CF8438AE-4D51-4CF4-AEBD-997A01C2925B}
		{85A05099-3222-49DC-A65A-C96190EA95D7} = {CF8438AE-4D51-4CF4-AEBD-997A01C2925B}
		{B72FC095-9AFA-4375-AF14-402339BAF1DF} = {CD83C7C7-2068-4C43-9FEF-FA74831FE6A6}
		{D48622B3-F4CD-45CD-B1C9-868083037ECD} = {CD83C7C7-2068-4C43-9FEF-FA74831FE6A6}
		{CB591654-0476-40AA-8508-784CF32BE239} = {CD83C7C7-2068-4C43-9FEF-FA74831FE6A6}
		{489BB790-226C-4FAD-8D1E-51D72A7FF8E5} = {CD83C7C7-2068-4C43-9FEF-FA74831FE6A6}
		{C2A45E83-59A0-4ED4-84FC-D959BE6BCC66} = {85A05099-3222-49DC-A65A-C96190EA95D7}
		{40F94FE2-AB43-4D1B-AE38-94DE78A3B7C3} = {85A05099-3222-49DC-A65A-C96190EA95D7}
		{C9768FE5-8C69-4E8A-8458-C9761A1D1139} = {85A05099-3222-49DC-A65A-C96190EA95D7}
		{ADFBE756-C4CE-4950-B699-561C396B4D50} = {85A05099-3222-49DC-A65A-C96190EA95D7}
		{F8730EFA-7468-4CBF-9A41-BDA9920302BA} = {9D1AC88B-7793-406C-8A2F-0BD67462A491}
		{C988F7A6-891F-46A3-A52E-6169887BDE8D} = {9D1AC88B-7793-406C-8A2F-0BD67462A491}
		{D971F5FF-1F68-43C4-85A3-5320D0452C09} = {9D1AC88B-7793-406C-8A2F-0BD67462A491}
		{39552396-529B-484D-8AC1-73A0C47261D1} = {9D1AC88B-7793-406C-8A2F-0BD67462A491}
		{15FD2F79-1858-42B7-8D86-452067F24BD7} = {B6FDD508-8A7B-4A79-ACF4-C58D942A7F69}
		{30DB004A-A40D-470F-B9F9-D15A8B23C1B9} = {B6FDD508-8A7B-4A79-ACF4-C58D942A7F69}
		{8E07A19D-62C1-4C0C-9E48-FDC8196FA5FC} = {B6FDD508-8A7B-4A79-ACF4-C58D942A7F69}
		{995F9038-C46A-4121-8C01-9F21687DAC2C} = {9D1AC88B-7793-406C-8A2F-0BD67462A491}
		{39EDDE93-CB7C-4AFC-9CAA-584539D9003D} = {995F9038-C46A-4121-8C01-9F21687DAC2C}
		{040D073C-548C-425B-AA30-AFFE523F2793} = {995F9038-C46A-4121-8C01-9F21687DAC2C}
		{2C4F87DE-F94F-46A4-A338-CD9814CC562C} = {995F9038-C46A-4121-8C01-9F21687DAC2C}
		{B941FE63-27F9-4D85-9C44-EEA17DDD9329} = {995F9038-C46A-4121-8C01-9F21687DAC2C}
		{45355933-169B-4D0B-8F56-5BE3930D4864} = {995F9038-C46A-4121-8C01-9F21687DAC2C}
	EndGlobalSection
	GlobalSection(ExtensibilityGlobals) = postSolution
		SolutionGuid = {8149A951-6302-403E-9F95-99F3BA1593DA}
	EndGlobalSection
EndGlobal
